
Microsoft Visual Studio Solution File, Format Version 12.00
# Visual Studio Version 16
VisualStudioVersion = 16.0.31205.134
MinimumVisualStudioVersion = 10.0.40219.1
Project("{FAE04EC0-301F-11D3-BF4B-00C04F79EFBC}") = "ABMProveedor", "ABMProveedor.csproj", "{4F2E8051-FBEC-4AD1-B2CD-4F7739F5A5A0}"
EndProject
Global
	GlobalSection(SolutionConfigurationPlatforms) = preSolution
		Debug|Any CPU = Debug|Any CPU
		Release|Any CPU = Release|Any CPU
	EndGlobalSection
	GlobalSection(ProjectConfigurationPlatforms) = postSolution
		{4F2E8051-FBEC-4AD1-B2CD-4F7739F5A5A0}.Debug|Any CPU.ActiveCfg = Debug|Any CPU
		{4F2E8051-FBEC-4AD1-B2CD-4F7739F5A5A0}.Debug|Any CPU.Build.0 = Debug|Any CPU
		{4F2E8051-FBEC-4AD1-B2CD-4F7739F5A5A0}.Release|Any CPU.ActiveCfg = Release|Any CPU
		{4F2E8051-FBEC-4AD1-B2CD-4F7739F5A5A0}.Release|Any CPU.Build.0 = Release|Any CPU
	EndGlobalSection
	GlobalSection(SolutionProperties) = preSolution
		HideSolutionNode = FALSE
	EndGlobalSection
	GlobalSection(ExtensibilityGlobals) = postSolution
		SolutionGuid = {D3C35B9F-0472-4E60-A964-980D7EB90A27}
	EndGlobalSection
EndGlobal
